
Microsoft Visual Studio Solution File, Format Version 12.00
# Visual Studio Version 16
VisualStudioVersion = 16.0.32802.440
MinimumVisualStudioVersion = 10.0.40219.1
Project("{FAE04EC0-301F-11D3-BF4B-00C04F79EFBC}") = "Absesnsi Karyawan", "Absesnsi Karyawan.csproj", "{704C1DB2-E4A4-4475-8549-87343BA48F7B}"
EndProject
Global
	GlobalSection(SolutionConfigurationPlatforms) = preSolution
		Debug|Any CPU = Debug|Any CPU
		Release|Any CPU = Release|Any CPU
	EndGlobalSection
	GlobalSection(ProjectConfigurationPlatforms) = postSolution
		{704C1DB2-E4A4-4475-8549-87343BA48F7B}.Debug|Any CPU.ActiveCfg = Debug|Any CPU
		{704C1DB2-E4A4-4475-8549-87343BA48F7B}.Debug|Any CPU.Build.0 = Debug|Any CPU
		{704C1DB2-E4A4-4475-8549-87343BA48F7B}.Release|Any CPU.ActiveCfg = Release|Any CPU
		{704C1DB2-E4A4-4475-8549-87343BA48F7B}.Release|Any CPU.Build.0 = Release|Any CPU
	EndGlobalSection
	GlobalSection(SolutionProperties) = preSolution
		HideSolutionNode = FALSE
	EndGlobalSection
	GlobalSection(ExtensibilityGlobals) = postSolution
		SolutionGuid = {7F3AD5A9-BF76-4501-970F-9C7243AC0F63}
	EndGlobalSection
EndGlobal
